
Microsoft Visual Studio Solution File, Format Version 12.00
# Visual Studio Version 16
VisualStudioVersion = 16.0.30309.148
MinimumVisualStudioVersion = 10.0.40219.1
Project("{FAE04EC0-301F-11D3-BF4B-00C04F79EFBC}") = "TuHuTuHu", "TuHuTuHu\TuHuTuHu.csproj", "{9375BED2-1B76-4C77-96DC-39D62031171B}"
EndProject
Global
	GlobalSection(SolutionConfigurationPlatforms) = preSolution
		Debug|Any CPU = Debug|Any CPU
		Release|Any CPU = Release|Any CPU
	EndGlobalSection
	GlobalSection(ProjectConfigurationPlatforms) = postSolution
		{9375BED2-1B76-4C77-96DC-39D62031171B}.Debug|Any CPU.ActiveCfg = Debug|Any CPU
		{9375BED2-1B76-4C77-96DC-39D62031171B}.Debug|Any CPU.Build.0 = Debug|Any CPU
		{9375BED2-1B76-4C77-96DC-39D62031171B}.Release|Any CPU.ActiveCfg = Release|Any CPU
		{9375BED2-1B76-4C77-96DC-39D62031171B}.Release|Any CPU.Build.0 = Release|Any CPU
	EndGlobalSection
	GlobalSection(SolutionProperties) = preSolution
		HideSolutionNode = FALSE
	EndGlobalSection
	GlobalSection(ExtensibilityGlobals) = postSolution
		SolutionGuid = {17F29FB2-AE12-400F-B9BD-783529EF63E9}
	EndGlobalSection
EndGlobal
